
Microsoft Visual Studio Solution File, Format Version 12.00
# Visual Studio 14
VisualStudioVersion = 14.0.25420.1
MinimumVisualStudioVersion = 10.0.40219.1
Project("{FAE04EC0-301F-11D3-BF4B-00C04F79EFBC}") = "Wildlife", "Wildlife\Wildlife.csproj", "{1C209C4F-E25C-4940-A948-8774CAE557F2}"
EndProject
Project("{FAE04EC0-301F-11D3-BF4B-00C04F79EFBC}") = "Wildlife.Tests", "Wildlife.Tests\Wildlife.Tests.csproj", "{49F5DE3E-885F-455C-B54C-5993ECBD1DFC}"
EndProject
Project("{FAE04EC0-301F-11D3-BF4B-00C04F79EFBC}") = "Resources", "Resources\Resources.csproj", "{4EA10C8D-5AB3-443E-BD52-A25AB6B6B9F4}"
EndProject
Global
	GlobalSection(SolutionConfigurationPlatforms) = preSolution
		Debug|Any CPU = Debug|Any CPU
		Release|Any CPU = Release|Any CPU
	EndGlobalSection
	GlobalSection(ProjectConfigurationPlatforms) = postSolution
		{1C209C4F-E25C-4940-A948-8774CAE557F2}.Debug|Any CPU.ActiveCfg = Debug|Any CPU
		{1C209C4F-E25C-4940-A948-8774CAE557F2}.Debug|Any CPU.Build.0 = Debug|Any CPU
		{1C209C4F-E25C-4940-A948-8774CAE557F2}.Release|Any CPU.ActiveCfg = Release|Any CPU
		{1C209C4F-E25C-4940-A948-8774CAE557F2}.Release|Any CPU.Build.0 = Release|Any CPU
		{49F5DE3E-885F-455C-B54C-5993ECBD1DFC}.Debug|Any CPU.ActiveCfg = Debug|Any CPU
		{49F5DE3E-885F-455C-B54C-5993ECBD1DFC}.Debug|Any CPU.Build.0 = Debug|Any CPU
		{49F5DE3E-885F-455C-B54C-5993ECBD1DFC}.Release|Any CPU.ActiveCfg = Release|Any CPU
		{49F5DE3E-885F-455C-B54C-5993ECBD1DFC}.Release|Any CPU.Build.0 = Release|Any CPU
		{4EA10C8D-5AB3-443E-BD52-A25AB6B6B9F4}.Debug|Any CPU.ActiveCfg = Debug|Any CPU
		{4EA10C8D-5AB3-443E-BD52-A25AB6B6B9F4}.Debug|Any CPU.Build.0 = Debug|Any CPU
		{4EA10C8D-5AB3-443E-BD52-A25AB6B6B9F4}.Release|Any CPU.ActiveCfg = Release|Any CPU
		{4EA10C8D-5AB3-443E-BD52-A25AB6B6B9F4}.Release|Any CPU.Build.0 = Release|Any CPU
	EndGlobalSection
	GlobalSection(SolutionProperties) = preSolution
		HideSolutionNode = FALSE
	EndGlobalSection
EndGlobal
